
Microsoft Visual Studio Solution File, Format Version 12.00
# Visual Studio Version 16
VisualStudioVersion = 16.0.32602.291
MinimumVisualStudioVersion = 10.0.40219.1
Project("{FAE04EC0-301F-11D3-BF4B-00C04F79EFBC}") = "RespayMLS", "RespayMLS\RespayMLS.csproj", "{209DECB5-DC5A-4AAA-8363-2AF0E9B993DB}"
EndProject
Project("{FAE04EC0-301F-11D3-BF4B-00C04F79EFBC}") = "RespayMLS.Core", "RespayMLS.Core\RespayMLS.Core.csproj", "{BF91E319-161D-433A-B11B-5FB49CF360AE}"
EndProject
Project("{FAE04EC0-301F-11D3-BF4B-00C04F79EFBC}") = "RespayMLS.Data", "RespayMLS.Data\RespayMLS.Data.csproj", "{038B4E1D-F9DB-4A6A-9B6E-2E884D9E0308}"
EndProject
Project("{FAE04EC0-301F-11D3-BF4B-00C04F79EFBC}") = "RespayMLS.Domain", "RespayMLS.Domain\RespayMLS.Domain.csproj", "{1250985D-29A0-4C3B-A290-A3538BA08641}"
EndProject
Global
	GlobalSection(SolutionConfigurationPlatforms) = preSolution
		Debug|Any CPU = Debug|Any CPU
		Release|Any CPU = Release|Any CPU
	EndGlobalSection
	GlobalSection(ProjectConfigurationPlatforms) = postSolution
		{209DECB5-DC5A-4AAA-8363-2AF0E9B993DB}.Debug|Any CPU.ActiveCfg = Debug|Any CPU
		{209DECB5-DC5A-4AAA-8363-2AF0E9B993DB}.Debug|Any CPU.Build.0 = Debug|Any CPU
		{209DECB5-DC5A-4AAA-8363-2AF0E9B993DB}.Release|Any CPU.ActiveCfg = Release|Any CPU
		{209DECB5-DC5A-4AAA-8363-2AF0E9B993DB}.Release|Any CPU.Build.0 = Release|Any CPU
		{BF91E319-161D-433A-B11B-5FB49CF360AE}.Debug|Any CPU.ActiveCfg = Debug|Any CPU
		{BF91E319-161D-433A-B11B-5FB49CF360AE}.Debug|Any CPU.Build.0 = Debug|Any CPU
		{BF91E319-161D-433A-B11B-5FB49CF360AE}.Release|Any CPU.ActiveCfg = Release|Any CPU
		{BF91E319-161D-433A-B11B-5FB49CF360AE}.Release|Any CPU.Build.0 = Release|Any CPU
		{038B4E1D-F9DB-4A6A-9B6E-2E884D9E0308}.Debug|Any CPU.ActiveCfg = Debug|Any CPU
		{038B4E1D-F9DB-4A6A-9B6E-2E884D9E0308}.Debug|Any CPU.Build.0 = Debug|Any CPU
		{038B4E1D-F9DB-4A6A-9B6E-2E884D9E0308}.Release|Any CPU.ActiveCfg = Release|Any CPU
		{038B4E1D-F9DB-4A6A-9B6E-2E884D9E0308}.Release|Any CPU.Build.0 = Release|Any CPU
		{1250985D-29A0-4C3B-A290-A3538BA08641}.Debug|Any CPU.ActiveCfg = Debug|Any CPU
		{1250985D-29A0-4C3B-A290-A3538BA08641}.Debug|Any CPU.Build.0 = Debug|Any CPU
		{1250985D-29A0-4C3B-A290-A3538BA08641}.Release|Any CPU.ActiveCfg = Release|Any CPU
		{1250985D-29A0-4C3B-A290-A3538BA08641}.Release|Any CPU.Build.0 = Release|Any CPU
	EndGlobalSection
	GlobalSection(SolutionProperties) = preSolution
		HideSolutionNode = FALSE
	EndGlobalSection
	GlobalSection(ExtensibilityGlobals) = postSolution
		SolutionGuid = {92B5061E-7428-4B37-BB06-DEA1B43945EF}
	EndGlobalSection
EndGlobal
